// !$*UTF8*$!
{
	archiveVersion = 1;
	classes = {
	};
	objectVersion = 50;
	objects = {

/* Begin PBXBuildFile section */
		DF365929223A15260065BCFB /* NetworkTools.swift in Sources */ = {isa = PBXBuildFile; fileRef = DF365928223A15260065BCFB /* NetworkTools.swift */; };
		DF36592C223A381B0065BCFB /* RemmendViewModel.swift in Sources */ = {isa = PBXBuildFile; fileRef = DF36592B223A381B0065BCFB /* RemmendViewModel.swift */; };
		DF36592E223A40340065BCFB /* NSDate+Ext.swift in Sources */ = {isa = PBXBuildFile; fileRef = DF36592D223A40340065BCFB /* NSDate+Ext.swift */; };
		DF365930223A47DB0065BCFB /* AnchorGroup.swift in Sources */ = {isa = PBXBuildFile; fileRef = DF36592F223A47DB0065BCFB /* AnchorGroup.swift */; };
		DFB1FE292239DD0D008DAEF2 /* CollectionPrettyCell.swift in Sources */ = {isa = PBXBuildFile; fileRef = DFB1FE272239DD0D008DAEF2 /* CollectionPrettyCell.swift */; };
		DFB1FE2A2239DD0D008DAEF2 /* CollectionPrettyCell.xib in Resources */ = {isa = PBXBuildFile; fileRef = DFB1FE282239DD0D008DAEF2 /* CollectionPrettyCell.xib */; };
		DFC378AB2238DA2400330862 /* RecommendViewController.swift in Sources */ = {isa = PBXBuildFile; fileRef = DFC378AA2238DA2400330862 /* RecommendViewController.swift */; };
		DFC378AE2238FAE400330862 /* CollectionHeaderReusableView.swift in Sources */ = {isa = PBXBuildFile; fileRef = DFC378AC2238FAE400330862 /* CollectionHeaderReusableView.swift */; };
		DFC378AF2238FAE400330862 /* CollectionHeaderReusableView.xib in Resources */ = {isa = PBXBuildFile; fileRef = DFC378AD2238FAE400330862 /* CollectionHeaderReusableView.xib */; };
		DFC378B32239003200330862 /* CollectionNormalCell.swift in Sources */ = {isa = PBXBuildFile; fileRef = DFC378B12239003200330862 /* CollectionNormalCell.swift */; };
		DFC378B42239003200330862 /* CollectionNormalCell.xib in Resources */ = {isa = PBXBuildFile; fileRef = DFC378B22239003200330862 /* CollectionNormalCell.xib */; };
		E4E700F66879EAA90611A15D /* Pods_DouyuZB.framework in Frameworks */ = {isa = PBXBuildFile; fileRef = A467093F481F16ED9150C797 /* Pods_DouyuZB.framework */; };
		F9B88C7A222EB41700A69415 /* AppDelegate.swift in Sources */ = {isa = PBXBuildFile; fileRef = F9B88C79222EB41700A69415 /* AppDelegate.swift */; };
		F9B88C7C222EB41700A69415 /* DYViewController.swift in Sources */ = {isa = PBXBuildFile; fileRef = F9B88C7B222EB41700A69415 /* DYViewController.swift */; };
		F9B88C7F222EB41700A69415 /* Main.storyboard in Resources */ = {isa = PBXBuildFile; fileRef = F9B88C7D222EB41700A69415 /* Main.storyboard */; };
		F9B88C81222EB41800A69415 /* Assets.xcassets in Resources */ = {isa = PBXBuildFile; fileRef = F9B88C80222EB41800A69415 /* Assets.xcassets */; };
		F9B88C84222EB41800A69415 /* LaunchScreen.storyboard in Resources */ = {isa = PBXBuildFile; fileRef = F9B88C82222EB41800A69415 /* LaunchScreen.storyboard */; };
		F9B88C8F222EB41800A69415 /* DouyuZBTests.swift in Sources */ = {isa = PBXBuildFile; fileRef = F9B88C8E222EB41800A69415 /* DouyuZBTests.swift */; };
		F9B88C9A222EB41800A69415 /* DouyuZBUITests.swift in Sources */ = {isa = PBXBuildFile; fileRef = F9B88C99222EB41800A69415 /* DouyuZBUITests.swift */; };
		F9B88CEA22300CF800A69415 /* Home.storyboard in Resources */ = {isa = PBXBuildFile; fileRef = F9B88CE822300CF800A69415 /* Home.storyboard */; };
		F9B88CED22300D6600A69415 /* Live.storyboard in Resources */ = {isa = PBXBuildFile; fileRef = F9B88CEB22300D6600A69415 /* Live.storyboard */; };
		F9B88CEF22300DFE00A69415 /* Follow.storyboard in Resources */ = {isa = PBXBuildFile; fileRef = F9B88CEE22300DFE00A69415 /* Follow.storyboard */; };
		F9B88CF222300E9000A69415 /* Mine.storyboard in Resources */ = {isa = PBXBuildFile; fileRef = F9B88CF022300E9000A69415 /* Mine.storyboard */; };
		F9B88CF422300FC300A69415 /* MineViewController.swift in Sources */ = {isa = PBXBuildFile; fileRef = F9B88CF322300FC300A69415 /* MineViewController.swift */; };
		F9B88CF62230133100A69415 /* HomeViewController.swift in Sources */ = {isa = PBXBuildFile; fileRef = F9B88CF52230133100A69415 /* HomeViewController.swift */; };
		F9B88CFC2231483200A69415 /* UIBarButtonItem-Extension.swift in Sources */ = {isa = PBXBuildFile; fileRef = F9B88CFB2231483200A69415 /* UIBarButtonItem-Extension.swift */; };
		F9B88D02223155B900A69415 /* PageTitleView.swift in Sources */ = {isa = PBXBuildFile; fileRef = F9B88D01223155B900A69415 /* PageTitleView.swift */; };
		F9B88D0622315B3A00A69415 /* Common.swift in Sources */ = {isa = PBXBuildFile; fileRef = F9B88D0522315B3A00A69415 /* Common.swift */; };
		F9B88D082234F8E000A69415 /* PageContentView.swift in Sources */ = {isa = PBXBuildFile; fileRef = F9B88D072234F8E000A69415 /* PageContentView.swift */; };
		F9B88D0A2234FC6300A69415 /* UIColor+EXT.swift in Sources */ = {isa = PBXBuildFile; fileRef = F9B88D092234FC6300A69415 /* UIColor+EXT.swift */; };
/* End PBXBuildFile section */

/* Begin PBXContainerItemProxy section */
		F9B88C8B222EB41800A69415 /* PBXContainerItemProxy */ = {
			isa = PBXContainerItemProxy;
			containerPortal = F9B88C6E222EB41600A69415 /* Project object */;
			proxyType = 1;
			remoteGlobalIDString = F9B88C75222EB41600A69415;
			remoteInfo = DouyuZB;
		};
		F9B88C96222EB41800A69415 /* PBXContainerItemProxy */ = {
			isa = PBXContainerItemProxy;
			containerPortal = F9B88C6E222EB41600A69415 /* Project object */;
			proxyType = 1;
			remoteGlobalIDString = F9B88C75222EB41600A69415;
			remoteInfo = DouyuZB;
		};
/* End PBXContainerItemProxy section */

/* Begin PBXFileReference section */
		7851F2E66A8487284D23E5DD /* Pods-DouyuZB.release.xcconfig */ = {isa = PBXFileReference; includeInIndex = 1; lastKnownFileType = text.xcconfig; name = "Pods-DouyuZB.release.xcconfig"; path = "Pods/Target Support Files/Pods-DouyuZB/Pods-DouyuZB.release.xcconfig"; sourceTree = "<group>"; };
		9FEE27F80E2D67EEBF78DBCB /* Pods-DouyuZB.debug.xcconfig */ = {isa = PBXFileReference; includeInIndex = 1; lastKnownFileType = text.xcconfig; name = "Pods-DouyuZB.debug.xcconfig"; path = "Pods/Target Support Files/Pods-DouyuZB/Pods-DouyuZB.debug.xcconfig"; sourceTree = "<group>"; };
		A467093F481F16ED9150C797 /* Pods_DouyuZB.framework */ = {isa = PBXFileReference; explicitFileType = wrapper.framework; includeInIndex = 0; path = Pods_DouyuZB.framework; sourceTree = BUILT_PRODUCTS_DIR; };
		DF365928223A15260065BCFB /* NetworkTools.swift */ = {isa = PBXFileReference; lastKnownFileType = sourcecode.swift; path = NetworkTools.swift; sourceTree = "<group>"; };
		DF36592B223A381B0065BCFB /* RemmendViewModel.swift */ = {isa = PBXFileReference; lastKnownFileType = sourcecode.swift; path = RemmendViewModel.swift; sourceTree = "<group>"; };
		DF36592D223A40340065BCFB /* NSDate+Ext.swift */ = {isa = PBXFileReference; lastKnownFileType = sourcecode.swift; path = "NSDate+Ext.swift"; sourceTree = "<group>"; };
		DF36592F223A47DB0065BCFB /* AnchorGroup.swift */ = {isa = PBXFileReference; lastKnownFileType = sourcecode.swift; path = AnchorGroup.swift; sourceTree = "<group>"; };
		DFB1FE272239DD0D008DAEF2 /* CollectionPrettyCell.swift */ = {isa = PBXFileReference; lastKnownFileType = sourcecode.swift; path = CollectionPrettyCell.swift; sourceTree = "<group>"; };
		DFB1FE282239DD0D008DAEF2 /* CollectionPrettyCell.xib */ = {isa = PBXFileReference; lastKnownFileType = file.xib; path = CollectionPrettyCell.xib; sourceTree = "<group>"; };
		DFC378AA2238DA2400330862 /* RecommendViewController.swift */ = {isa = PBXFileReference; lastKnownFileType = sourcecode.swift; path = RecommendViewController.swift; sourceTree = "<group>"; };
		DFC378AC2238FAE400330862 /* CollectionHeaderReusableView.swift */ = {isa = PBXFileReference; lastKnownFileType = sourcecode.swift; path = CollectionHeaderReusableView.swift; sourceTree = "<group>"; };
		DFC378AD2238FAE400330862 /* CollectionHeaderReusableView.xib */ = {isa = PBXFileReference; lastKnownFileType = file.xib; path = CollectionHeaderReusableView.xib; sourceTree = "<group>"; };
		DFC378B12239003200330862 /* CollectionNormalCell.swift */ = {isa = PBXFileReference; lastKnownFileType = sourcecode.swift; path = CollectionNormalCell.swift; sourceTree = "<group>"; };
		DFC378B22239003200330862 /* CollectionNormalCell.xib */ = {isa = PBXFileReference; lastKnownFileType = file.xib; path = CollectionNormalCell.xib; sourceTree = "<group>"; };
		F9B88C76222EB41700A69415 /* DouyuZB.app */ = {isa = PBXFileReference; explicitFileType = wrapper.application; includeInIndex = 0; path = DouyuZB.app; sourceTree = BUILT_PRODUCTS_DIR; };
		F9B88C79222EB41700A69415 /* AppDelegate.swift */ = {isa = PBXFileReference; lastKnownFileType = sourcecode.swift; path = AppDelegate.swift; sourceTree = "<group>"; };
		F9B88C7B222EB41700A69415 /* DYViewController.swift */ = {isa = PBXFileReference; lastKnownFileType = sourcecode.swift; path = DYViewController.swift; sourceTree = "<group>"; };
		F9B88C7E222EB41700A69415 /* Base */ = {isa = PBXFileReference; lastKnownFileType = file.storyboard; name = Base; path = Base.lproj/Main.storyboard; sourceTree = "<group>"; };
		F9B88C80222EB41800A69415 /* Assets.xcassets */ = {isa = PBXFileReference; lastKnownFileType = folder.assetcatalog; path = Assets.xcassets; sourceTree = "<group>"; };
		F9B88C83222EB41800A69415 /* Base */ = {isa = PBXFileReference; lastKnownFileType = file.storyboard; name = Base; path = Base.lproj/LaunchScreen.storyboard; sourceTree = "<group>"; };
		F9B88C85222EB41800A69415 /* Info.plist */ = {isa = PBXFileReference; lastKnownFileType = text.plist.xml; path = Info.plist; sourceTree = "<group>"; };
		F9B88C8A222EB41800A69415 /* DouyuZBTests.xctest */ = {isa = PBXFileReference; explicitFileType = wrapper.cfbundle; includeInIndex = 0; path = DouyuZBTests.xctest; sourceTree = BUILT_PRODUCTS_DIR; };
		F9B88C8E222EB41800A69415 /* DouyuZBTests.swift */ = {isa = PBXFileReference; lastKnownFileType = sourcecode.swift; path = DouyuZBTests.swift; sourceTree = "<group>"; };
		F9B88C90222EB41800A69415 /* Info.plist */ = {isa = PBXFileReference; lastKnownFileType = text.plist.xml; path = Info.plist; sourceTree = "<group>"; };
		F9B88C95222EB41800A69415 /* DouyuZBUITests.xctest */ = {isa = PBXFileReference; explicitFileType = wrapper.cfbundle; includeInIndex = 0; path = DouyuZBUITests.xctest; sourceTree = BUILT_PRODUCTS_DIR; };
		F9B88C99222EB41800A69415 /* DouyuZBUITests.swift */ = {isa = PBXFileReference; lastKnownFileType = sourcecode.swift; path = DouyuZBUITests.swift; sourceTree = "<group>"; };
		F9B88C9B222EB41800A69415 /* Info.plist */ = {isa = PBXFileReference; lastKnownFileType = text.plist.xml; path = Info.plist; sourceTree = "<group>"; };
		F9B88CE922300CF800A69415 /* Base */ = {isa = PBXFileReference; lastKnownFileType = file.storyboard; name = Base; path = DouyuZB/Base.lproj/Home.storyboard; sourceTree = SOURCE_ROOT; };
		F9B88CEC22300D6600A69415 /* Base */ = {isa = PBXFileReference; lastKnownFileType = file.storyboard; name = Base; path = DouyuZB/Base.lproj/Live.storyboard; sourceTree = SOURCE_ROOT; };
		F9B88CEE22300DFE00A69415 /* Follow.storyboard */ = {isa = PBXFileReference; fileEncoding = 4; lastKnownFileType = file.storyboard; path = Follow.storyboard; sourceTree = "<group>"; };
		F9B88CF122300E9000A69415 /* Base */ = {isa = PBXFileReference; lastKnownFileType = file.storyboard; name = Base; path = DouyuZB/Base.lproj/Mine.storyboard; sourceTree = SOURCE_ROOT; };
		F9B88CF322300FC300A69415 /* MineViewController.swift */ = {isa = PBXFileReference; lastKnownFileType = sourcecode.swift; path = MineViewController.swift; sourceTree = "<group>"; };
		F9B88CF52230133100A69415 /* HomeViewController.swift */ = {isa = PBXFileReference; lastKnownFileType = sourcecode.swift; path = HomeViewController.swift; sourceTree = "<group>"; };
		F9B88CFB2231483200A69415 /* UIBarButtonItem-Extension.swift */ = {isa = PBXFileReference; lastKnownFileType = sourcecode.swift; path = "UIBarButtonItem-Extension.swift"; sourceTree = "<group>"; };
		F9B88D01223155B900A69415 /* PageTitleView.swift */ = {isa = PBXFileReference; lastKnownFileType = sourcecode.swift; path = PageTitleView.swift; sourceTree = "<group>"; };
		F9B88D0522315B3A00A69415 /* Common.swift */ = {isa = PBXFileReference; lastKnownFileType = sourcecode.swift; path = Common.swift; sourceTree = "<group>"; };
		F9B88D072234F8E000A69415 /* PageContentView.swift */ = {isa = PBXFileReference; lastKnownFileType = sourcecode.swift; path = PageContentView.swift; sourceTree = "<group>"; };
		F9B88D092234FC6300A69415 /* UIColor+EXT.swift */ = {isa = PBXFileReference; lastKnownFileType = sourcecode.swift; path = "UIColor+EXT.swift"; sourceTree = "<group>"; };
/* End PBXFileReference section */

/* Begin PBXFrameworksBuildPhase section */
		F9B88C73222EB41600A69415 /* Frameworks */ = {
			isa = PBXFrameworksBuildPhase;
			buildActionMask = 2147483647;
			files = (
				E4E700F66879EAA90611A15D /* Pods_DouyuZB.framework in Frameworks */,
			);
			runOnlyForDeploymentPostprocessing = 0;
		};
		F9B88C87222EB41800A69415 /* Frameworks */ = {
			isa = PBXFrameworksBuildPhase;
			buildActionMask = 2147483647;
			files = (
			);
			runOnlyForDeploymentPostprocessing = 0;
		};
		F9B88C92222EB41800A69415 /* Frameworks */ = {
			isa = PBXFrameworksBuildPhase;
			buildActionMask = 2147483647;
			files = (
			);
			runOnlyForDeploymentPostprocessing = 0;
		};
/* End PBXFrameworksBuildPhase section */

/* Begin PBXGroup section */
		8621E2FA315EE66666FD226E /* Pods */ = {
			isa = PBXGroup;
			children = (
				9FEE27F80E2D67EEBF78DBCB /* Pods-DouyuZB.debug.xcconfig */,
				7851F2E66A8487284D23E5DD /* Pods-DouyuZB.release.xcconfig */,
			);
			name = Pods;
			sourceTree = "<group>";
		};
		DF36592A223A37DC0065BCFB /* ViewModel */ = {
			isa = PBXGroup;
			children = (
				DF36592B223A381B0065BCFB /* RemmendViewModel.swift */,
			);
			path = ViewModel;
			sourceTree = "<group>";
		};
		DFC378A72238D7CA00330862 /* Model */ = {
			isa = PBXGroup;
			children = (
				DF36592F223A47DB0065BCFB /* AnchorGroup.swift */,
			);
			path = Model;
			sourceTree = "<group>";
		};
		DFC378A82238D7D200330862 /* View */ = {
			isa = PBXGroup;
			children = (
				DFC378AC2238FAE400330862 /* CollectionHeaderReusableView.swift */,
				DFC378AD2238FAE400330862 /* CollectionHeaderReusableView.xib */,
			);
			path = View;
			sourceTree = "<group>";
		};
		DFC378A92238D7D800330862 /* Controller */ = {
			isa = PBXGroup;
			children = (
				DFC378AA2238DA2400330862 /* RecommendViewController.swift */,
			);
			path = Controller;
			sourceTree = "<group>";
		};
		F4BCF3E0DA9392459A350127 /* Frameworks */ = {
			isa = PBXGroup;
			children = (
				A467093F481F16ED9150C797 /* Pods_DouyuZB.framework */,
			);
			name = Frameworks;
			sourceTree = "<group>";
		};
		F9B88C6D222EB41600A69415 = {
			isa = PBXGroup;
			children = (
				F9B88C78222EB41700A69415 /* DouyuZB */,
				F9B88C8D222EB41800A69415 /* DouyuZBTests */,
				F9B88C98222EB41800A69415 /* DouyuZBUITests */,
				F9B88C77222EB41700A69415 /* Products */,
				8621E2FA315EE66666FD226E /* Pods */,
				F4BCF3E0DA9392459A350127 /* Frameworks */,
			);
			sourceTree = "<group>";
		};
		F9B88C77222EB41700A69415 /* Products */ = {
			isa = PBXGroup;
			children = (
				F9B88C76222EB41700A69415 /* DouyuZB.app */,
				F9B88C8A222EB41800A69415 /* DouyuZBTests.xctest */,
				F9B88C95222EB41800A69415 /* DouyuZBUITests.xctest */,
			);
			name = Products;
			sourceTree = "<group>";
		};
		F9B88C78222EB41700A69415 /* DouyuZB */ = {
			isa = PBXGroup;
			children = (
				F9B88CA7222FF5EF00A69415 /* Classes */,
				F9B88C79222EB41700A69415 /* AppDelegate.swift */,
				F9B88C7B222EB41700A69415 /* DYViewController.swift */,
				F9B88C7D222EB41700A69415 /* Main.storyboard */,
				F9B88C80222EB41800A69415 /* Assets.xcassets */,
				F9B88C82222EB41800A69415 /* LaunchScreen.storyboard */,
				F9B88C85222EB41800A69415 /* Info.plist */,
			);
			path = DouyuZB;
			sourceTree = "<group>";
		};
		F9B88C8D222EB41800A69415 /* DouyuZBTests */ = {
			isa = PBXGroup;
			children = (
				F9B88C8E222EB41800A69415 /* DouyuZBTests.swift */,
				F9B88C90222EB41800A69415 /* Info.plist */,
			);
			path = DouyuZBTests;
			sourceTree = "<group>";
		};
		F9B88C98222EB41800A69415 /* DouyuZBUITests */ = {
			isa = PBXGroup;
			children = (
				F9B88C99222EB41800A69415 /* DouyuZBUITests.swift */,
				F9B88C9B222EB41800A69415 /* Info.plist */,
			);
			path = DouyuZBUITests;
			sourceTree = "<group>";
		};
		F9B88CA7222FF5EF00A69415 /* Classes */ = {
			isa = PBXGroup;
			children = (
				F9B88CFD2231556600A69415 /* BaseUI */,
				F9B88CE622300AFD00A69415 /* Tools */,
				F9B88CE722300B0800A69415 /* Mine */,
				F9B88CAB222FF64500A69415 /* Live */,
				F9B88CAA222FF62900A69415 /* Follow */,
				F9B88CA8222FF60900A69415 /* Main */,
			);
			path = Classes;
			sourceTree = "<group>";
		};
		F9B88CA8222FF60900A69415 /* Main */ = {
			isa = PBXGroup;
			children = (
				DF36592A223A37DC0065BCFB /* ViewModel */,
				DFC378A92238D7D800330862 /* Controller */,
				DFC378A82238D7D200330862 /* View */,
				DFC378A72238D7CA00330862 /* Model */,
				F9B88CE822300CF800A69415 /* Home.storyboard */,
				F9B88CF52230133100A69415 /* HomeViewController.swift */,
			);
			path = Main;
			sourceTree = "<group>";
		};
		F9B88CAA222FF62900A69415 /* Follow */ = {
			isa = PBXGroup;
			children = (
				F9B88CEE22300DFE00A69415 /* Follow.storyboard */,
			);
			path = Follow;
			sourceTree = "<group>";
		};
		F9B88CAB222FF64500A69415 /* Live */ = {
			isa = PBXGroup;
			children = (
				F9B88CEB22300D6600A69415 /* Live.storyboard */,
			);
			path = Live;
			sourceTree = "<group>";
		};
		F9B88CE622300AFD00A69415 /* Tools */ = {
			isa = PBXGroup;
			children = (
				F9B88CFA223147D600A69415 /* Extension */,
				F9B88D0522315B3A00A69415 /* Common.swift */,
				DF365928223A15260065BCFB /* NetworkTools.swift */,
			);
			path = Tools;
			sourceTree = "<group>";
		};
		F9B88CE722300B0800A69415 /* Mine */ = {
			isa = PBXGroup;
			children = (
				F9B88CF022300E9000A69415 /* Mine.storyboard */,
				F9B88CF322300FC300A69415 /* MineViewController.swift */,
			);
			path = Mine;
			sourceTree = "<group>";
		};
		F9B88CFA223147D600A69415 /* Extension */ = {
			isa = PBXGroup;
			children = (
				F9B88CFB2231483200A69415 /* UIBarButtonItem-Extension.swift */,
				F9B88D092234FC6300A69415 /* UIColor+EXT.swift */,
				DF36592D223A40340065BCFB /* NSDate+Ext.swift */,
			);
			path = Extension;
			sourceTree = "<group>";
		};
		F9B88CFD2231556600A69415 /* BaseUI */ = {
			isa = PBXGroup;
			children = (
				F9B88D002231559300A69415 /* View */,
			);
			path = BaseUI;
			sourceTree = "<group>";
		};
		F9B88D002231559300A69415 /* View */ = {
			isa = PBXGroup;
			children = (
				F9B88D01223155B900A69415 /* PageTitleView.swift */,
				F9B88D072234F8E000A69415 /* PageContentView.swift */,
				DFC378B12239003200330862 /* CollectionNormalCell.swift */,
				DFC378B22239003200330862 /* CollectionNormalCell.xib */,
				DFB1FE272239DD0D008DAEF2 /* CollectionPrettyCell.swift */,
				DFB1FE282239DD0D008DAEF2 /* CollectionPrettyCell.xib */,
			);
			path = View;
			sourceTree = "<group>";
		};
/* End PBXGroup section */

/* Begin PBXNativeTarget section */
		F9B88C75222EB41600A69415 /* DouyuZB */ = {
			isa = PBXNativeTarget;
			buildConfigurationList = F9B88C9E222EB41800A69415 /* Build configuration list for PBXNativeTarget "DouyuZB" */;
			buildPhases = (
				94AA7FE434021F6321E03C97 /* [CP] Check Pods Manifest.lock */,
				F9B88C72222EB41600A69415 /* Sources */,
				F9B88C73222EB41600A69415 /* Frameworks */,
				F9B88C74222EB41600A69415 /* Resources */,
				40A3256C3F110BF54955E6A1 /* [CP] Embed Pods Frameworks */,
			);
			buildRules = (
			);
			dependencies = (
			);
			name = DouyuZB;
			productName = DouyuZB;
			productReference = F9B88C76222EB41700A69415 /* DouyuZB.app */;
			productType = "com.apple.product-type.application";
		};
		F9B88C89222EB41800A69415 /* DouyuZBTests */ = {
			isa = PBXNativeTarget;
			buildConfigurationList = F9B88CA1222EB41800A69415 /* Build configuration list for PBXNativeTarget "DouyuZBTests" */;
			buildPhases = (
				F9B88C86222EB41800A69415 /* Sources */,
				F9B88C87222EB41800A69415 /* Frameworks */,
				F9B88C88222EB41800A69415 /* Resources */,
			);
			buildRules = (
			);
			dependencies = (
				F9B88C8C222EB41800A69415 /* PBXTargetDependency */,
			);
			name = DouyuZBTests;
			productName = DouyuZBTests;
			productReference = F9B88C8A222EB41800A69415 /* DouyuZBTests.xctest */;
			productType = "com.apple.product-type.bundle.unit-test";
		};
		F9B88C94222EB41800A69415 /* DouyuZBUITests */ = {
			isa = PBXNativeTarget;
			buildConfigurationList = F9B88CA4222EB41800A69415 /* Build configuration list for PBXNativeTarget "DouyuZBUITests" */;
			buildPhases = (
				F9B88C91222EB41800A69415 /* Sources */,
				F9B88C92222EB41800A69415 /* Frameworks */,
				F9B88C93222EB41800A69415 /* Resources */,
			);
			buildRules = (
			);
			dependencies = (
				F9B88C97222EB41800A69415 /* PBXTargetDependency */,
			);
			name = DouyuZBUITests;
			productName = DouyuZBUITests;
			productReference = F9B88C95222EB41800A69415 /* DouyuZBUITests.xctest */;
			productType = "com.apple.product-type.bundle.ui-testing";
		};
/* End PBXNativeTarget section */

/* Begin PBXProject section */
		F9B88C6E222EB41600A69415 /* Project object */ = {
			isa = PBXProject;
			attributes = {
				LastSwiftUpdateCheck = 1010;
				LastUpgradeCheck = 1010;
				ORGANIZATIONNAME = swifelearn;
				TargetAttributes = {
					F9B88C75222EB41600A69415 = {
						CreatedOnToolsVersion = 10.1;
					};
					F9B88C89222EB41800A69415 = {
						CreatedOnToolsVersion = 10.1;
						TestTargetID = F9B88C75222EB41600A69415;
					};
					F9B88C94222EB41800A69415 = {
						CreatedOnToolsVersion = 10.1;
						TestTargetID = F9B88C75222EB41600A69415;
					};
				};
			};
			buildConfigurationList = F9B88C71222EB41600A69415 /* Build configuration list for PBXProject "DouyuZB" */;
			compatibilityVersion = "Xcode 9.3";
			developmentRegion = en;
			hasScannedForEncodings = 0;
			knownRegions = (
				en,
				Base,
			);
			mainGroup = F9B88C6D222EB41600A69415;
			productRefGroup = F9B88C77222EB41700A69415 /* Products */;
			projectDirPath = "";
			projectRoot = "";
			targets = (
				F9B88C75222EB41600A69415 /* DouyuZB */,
				F9B88C89222EB41800A69415 /* DouyuZBTests */,
				F9B88C94222EB41800A69415 /* DouyuZBUITests */,
			);
		};
/* End PBXProject section */

/* Begin PBXResourcesBuildPhase section */
		F9B88C74222EB41600A69415 /* Resources */ = {
			isa = PBXResourcesBuildPhase;
			buildActionMask = 2147483647;
			files = (
				DFC378AF2238FAE400330862 /* CollectionHeaderReusableView.xib in Resources */,
				F9B88C84222EB41800A69415 /* LaunchScreen.storyboard in Resources */,
				DFC378B42239003200330862 /* CollectionNormalCell.xib in Resources */,
				F9B88C81222EB41800A69415 /* Assets.xcassets in Resources */,
				F9B88C7F222EB41700A69415 /* Main.storyboard in Resources */,
				F9B88CED22300D6600A69415 /* Live.storyboard in Resources */,
				F9B88CF222300E9000A69415 /* Mine.storyboard in Resources */,
				DFB1FE2A2239DD0D008DAEF2 /* CollectionPrettyCell.xib in Resources */,
				F9B88CEA22300CF800A69415 /* Home.storyboard in Resources */,
				F9B88CEF22300DFE00A69415 /* Follow.storyboard in Resources */,
			);
			runOnlyForDeploymentPostprocessing = 0;
		};
		F9B88C88222EB41800A69415 /* Resources */ = {
			isa = PBXResourcesBuildPhase;
			buildActionMask = 2147483647;
			files = (
			);
			runOnlyForDeploymentPostprocessing = 0;
		};
		F9B88C93222EB41800A69415 /* Resources */ = {
			isa = PBXResourcesBuildPhase;
			buildActionMask = 2147483647;
			files = (
			);
			runOnlyForDeploymentPostprocessing = 0;
		};
/* End PBXResourcesBuildPhase section */

/* Begin PBXShellScriptBuildPhase section */
		40A3256C3F110BF54955E6A1 /* [CP] Embed Pods Frameworks */ = {
			isa = PBXShellScriptBuildPhase;
			buildActionMask = 2147483647;
			files = (
			);
			inputFileListPaths = (
			);
			inputPaths = (
				"${SRCROOT}/Pods/Target Support Files/Pods-DouyuZB/Pods-DouyuZB-frameworks.sh",
				"${BUILT_PRODUCTS_DIR}/Alamofire/Alamofire.framework",
			);
			name = "[CP] Embed Pods Frameworks";
			outputFileListPaths = (
			);
			outputPaths = (
				"${TARGET_BUILD_DIR}/${FRAMEWORKS_FOLDER_PATH}/Alamofire.framework",
			);
			runOnlyForDeploymentPostprocessing = 0;
			shellPath = /bin/sh;
			shellScript = "\"${SRCROOT}/Pods/Target Support Files/Pods-DouyuZB/Pods-DouyuZB-frameworks.sh\"\n";
			showEnvVarsInLog = 0;
		};
		94AA7FE434021F6321E03C97 /* [CP] Check Pods Manifest.lock */ = {
			isa = PBXShellScriptBuildPhase;
			buildActionMask = 2147483647;
			files = (
			);
			inputFileListPaths = (
			);
			inputPaths = (
				"${PODS_PODFILE_DIR_PATH}/Podfile.lock",
				"${PODS_ROOT}/Manifest.lock",
			);
			name = "[CP] Check Pods Manifest.lock";
			outputFileListPaths = (
			);
			outputPaths = (
				"$(DERIVED_FILE_DIR)/Pods-DouyuZB-checkManifestLockResult.txt",
			);
			runOnlyForDeploymentPostprocessing = 0;
			shellPath = /bin/sh;
			shellScript = "diff \"${PODS_PODFILE_DIR_PATH}/Podfile.lock\" \"${PODS_ROOT}/Manifest.lock\" > /dev/null\nif [ $? != 0 ] ; then\n    # print error to STDERR\n    echo \"error: The sandbox is not in sync with the Podfile.lock. Run 'pod install' or update your CocoaPods installation.\" >&2\n    exit 1\nfi\n# This output is used by Xcode 'outputs' to avoid re-running this script phase.\necho \"SUCCESS\" > \"${SCRIPT_OUTPUT_FILE_0}\"\n";
			showEnvVarsInLog = 0;
		};
/* End PBXShellScriptBuildPhase section */

/* Begin PBXSourcesBuildPhase section */
		F9B88C72222EB41600A69415 /* Sources */ = {
			isa = PBXSourcesBuildPhase;
			buildActionMask = 2147483647;
			files = (
				DF365929223A15260065BCFB /* NetworkTools.swift in Sources */,
				F9B88D02223155B900A69415 /* PageTitleView.swift in Sources */,
				F9B88CFC2231483200A69415 /* UIBarButtonItem-Extension.swift in Sources */,
				F9B88C7C222EB41700A69415 /* DYViewController.swift in Sources */,
				F9B88D082234F8E000A69415 /* PageContentView.swift in Sources */,
				DFC378AE2238FAE400330862 /* CollectionHeaderReusableView.swift in Sources */,
				DF36592E223A40340065BCFB /* NSDate+Ext.swift in Sources */,
				F9B88C7A222EB41700A69415 /* AppDelegate.swift in Sources */,
				F9B88CF422300FC300A69415 /* MineViewController.swift in Sources */,
				DF365930223A47DB0065BCFB /* AnchorGroup.swift in Sources */,
				F9B88D0A2234FC6300A69415 /* UIColor+EXT.swift in Sources */,
				F9B88CF62230133100A69415 /* HomeViewController.swift in Sources */,
				F9B88D0622315B3A00A69415 /* Common.swift in Sources */,
				DFB1FE292239DD0D008DAEF2 /* CollectionPrettyCell.swift in Sources */,
				DFC378B32239003200330862 /* CollectionNormalCell.swift in Sources */,
				DF36592C223A381B0065BCFB /* RemmendViewModel.swift in Sources */,
				DFC378AB2238DA2400330862 /* RecommendViewController.swift in Sources */,
			);
			runOnlyForDeploymentPostprocessing = 0;
		};
		F9B88C86222EB41800A69415 /* Sources */ = {
			isa = PBXSourcesBuildPhase;
			buildActionMask = 2147483647;
			files = (
				F9B88C8F222EB41800A69415 /* DouyuZBTests.swift in Sources */,
			);
			runOnlyForDeploymentPostprocessing = 0;
		};
		F9B88C91222EB41800A69415 /* Sources */ = {
			isa = PBXSourcesBuildPhase;
			buildActionMask = 2147483647;
			files = (
				F9B88C9A222EB41800A69415 /* DouyuZBUITests.swift in Sources */,
			);
			runOnlyForDeploymentPostprocessing = 0;
		};
/* End PBXSourcesBuildPhase section */

/* Begin PBXTargetDependency section */
		F9B88C8C222EB41800A69415 /* PBXTargetDependency */ = {
			isa = PBXTargetDependency;
			target = F9B88C75222EB41600A69415 /* DouyuZB */;
			targetProxy = F9B88C8B222EB41800A69415 /* PBXContainerItemProxy */;
		};
		F9B88C97222EB41800A69415 /* PBXTargetDependency */ = {
			isa = PBXTargetDependency;
			target = F9B88C75222EB41600A69415 /* DouyuZB */;
			targetProxy = F9B88C96222EB41800A69415 /* PBXContainerItemProxy */;
		};
/* End PBXTargetDependency section */

/* Begin PBXVariantGroup section */
		F9B88C7D222EB41700A69415 /* Main.storyboard */ = {
			isa = PBXVariantGroup;
			children = (
				F9B88C7E222EB41700A69415 /* Base */,
			);
			name = Main.storyboard;
			sourceTree = "<group>";
		};
		F9B88C82222EB41800A69415 /* LaunchScreen.storyboard */ = {
			isa = PBXVariantGroup;
			children = (
				F9B88C83222EB41800A69415 /* Base */,
			);
			name = LaunchScreen.storyboard;
			sourceTree = "<group>";
		};
		F9B88CE822300CF800A69415 /* Home.storyboard */ = {
			isa = PBXVariantGroup;
			children = (
				F9B88CE922300CF800A69415 /* Base */,
			);
			name = Home.storyboard;
			sourceTree = "<group>";
		};
		F9B88CEB22300D6600A69415 /* Live.storyboard */ = {
			isa = PBXVariantGroup;
			children = (
				F9B88CEC22300D6600A69415 /* Base */,
			);
			name = Live.storyboard;
			sourceTree = "<group>";
		};
		F9B88CF022300E9000A69415 /* Mine.storyboard */ = {
			isa = PBXVariantGroup;
			children = (
				F9B88CF122300E9000A69415 /* Base */,
			);
			name = Mine.storyboard;
			sourceTree = "<group>";
		};
/* End PBXVariantGroup section */

/* Begin XCBuildConfiguration section */
		F9B88C9C222EB41800A69415 /* Debug */ = {
			isa = XCBuildConfiguration;
			buildSettings = {
				ALWAYS_SEARCH_USER_PATHS = NO;
				CLANG_ANALYZER_NONNULL = YES;
				CLANG_ANALYZER_NUMBER_OBJECT_CONVERSION = YES_AGGRESSIVE;
				CLANG_CXX_LANGUAGE_STANDARD = "gnu++14";
				CLANG_CXX_LIBRARY = "libc++";
				CLANG_ENABLE_MODULES = YES;
				CLANG_ENABLE_OBJC_ARC = YES;
				CLANG_ENABLE_OBJC_WEAK = YES;
				CLANG_WARN_BLOCK_CAPTURE_AUTORELEASING = YES;
				CLANG_WARN_BOOL_CONVERSION = YES;
				CLANG_WARN_COMMA = YES;
				CLANG_WARN_CONSTANT_CONVERSION = YES;
				CLANG_WARN_DEPRECATED_OBJC_IMPLEMENTATIONS = YES;
				CLANG_WARN_DIRECT_OBJC_ISA_USAGE = YES_ERROR;
				CLANG_WARN_DOCUMENTATION_COMMENTS = YES;
				CLANG_WARN_EMPTY_BODY = YES;
				CLANG_WARN_ENUM_CONVERSION = YES;
				CLANG_WARN_INFINITE_RECURSION = YES;
				CLANG_WARN_INT_CONVERSION = YES;
				CLANG_WARN_NON_LITERAL_NULL_CONVERSION = YES;
				CLANG_WARN_OBJC_IMPLICIT_RETAIN_SELF = YES;
				CLANG_WARN_OBJC_LITERAL_CONVERSION = YES;
				CLANG_WARN_OBJC_ROOT_CLASS = YES_ERROR;
				CLANG_WARN_RANGE_LOOP_ANALYSIS = YES;
				CLANG_WARN_STRICT_PROTOTYPES = YES;
				CLANG_WARN_SUSPICIOUS_MOVE = YES;
				CLANG_WARN_UNGUARDED_AVAILABILITY = YES_AGGRESSIVE;
				CLANG_WARN_UNREACHABLE_CODE = YES;
				CLANG_WARN__DUPLICATE_METHOD_MATCH = YES;
				CODE_SIGN_IDENTITY = "iPhone Developer";
				COPY_PHASE_STRIP = NO;
				DEBUG_INFORMATION_FORMAT = dwarf;
				ENABLE_STRICT_OBJC_MSGSEND = YES;
				ENABLE_TESTABILITY = YES;
				GCC_C_LANGUAGE_STANDARD = gnu11;
				GCC_DYNAMIC_NO_PIC = NO;
				GCC_NO_COMMON_BLOCKS = YES;
				GCC_OPTIMIZATION_LEVEL = 0;
				GCC_PREPROCESSOR_DEFINITIONS = (
					"DEBUG=1",
					"$(inherited)",
				);
				GCC_WARN_64_TO_32_BIT_CONVERSION = YES;
				GCC_WARN_ABOUT_RETURN_TYPE = YES_ERROR;
				GCC_WARN_UNDECLARED_SELECTOR = YES;
				GCC_WARN_UNINITIALIZED_AUTOS = YES_AGGRESSIVE;
				GCC_WARN_UNUSED_FUNCTION = YES;
				GCC_WARN_UNUSED_VARIABLE = YES;
				IPHONEOS_DEPLOYMENT_TARGET = 12.1;
				MTL_ENABLE_DEBUG_INFO = INCLUDE_SOURCE;
				MTL_FAST_MATH = YES;
				ONLY_ACTIVE_ARCH = YES;
				SDKROOT = iphoneos;
				SWIFT_ACTIVE_COMPILATION_CONDITIONS = DEBUG;
				SWIFT_OPTIMIZATION_LEVEL = "-Onone";
			};
			name = Debug;
		};
		F9B88C9D222EB41800A69415 /* Release */ = {
			isa = XCBuildConfiguration;
			buildSettings = {
				ALWAYS_SEARCH_USER_PATHS = NO;
				CLANG_ANALYZER_NONNULL = YES;
				CLANG_ANALYZER_NUMBER_OBJECT_CONVERSION = YES_AGGRESSIVE;
				CLANG_CXX_LANGUAGE_STANDARD = "gnu++14";
				CLANG_CXX_LIBRARY = "libc++";
				CLANG_ENABLE_MODULES = YES;
				CLANG_ENABLE_OBJC_ARC = YES;
				CLANG_ENABLE_OBJC_WEAK = YES;
				CLANG_WARN_BLOCK_CAPTURE_AUTORELEASING = YES;
				CLANG_WARN_BOOL_CONVERSION = YES;
				CLANG_WARN_COMMA = YES;
				CLANG_WARN_CONSTANT_CONVERSION = YES;
				CLANG_WARN_DEPRECATED_OBJC_IMPLEMENTATIONS = YES;
				CLANG_WARN_DIRECT_OBJC_ISA_USAGE = YES_ERROR;
				CLANG_WARN_DOCUMENTATION_COMMENTS = YES;
				CLANG_WARN_EMPTY_BODY = YES;
				CLANG_WARN_ENUM_CONVERSION = YES;
				CLANG_WARN_INFINITE_RECURSION = YES;
				CLANG_WARN_INT_CONVERSION = YES;
				CLANG_WARN_NON_LITERAL_NULL_CONVERSION = YES;
				CLANG_WARN_OBJC_IMPLICIT_RETAIN_SELF = YES;
				CLANG_WARN_OBJC_LITERAL_CONVERSION = YES;
				CLANG_WARN_OBJC_ROOT_CLASS = YES_ERROR;
				CLANG_WARN_RANGE_LOOP_ANALYSIS = YES;
				CLANG_WARN_STRICT_PROTOTYPES = YES;
				CLANG_WARN_SUSPICIOUS_MOVE = YES;
				CLANG_WARN_UNGUARDED_AVAILABILITY = YES_AGGRESSIVE;
				CLANG_WARN_UNREACHABLE_CODE = YES;
				CLANG_WARN__DUPLICATE_METHOD_MATCH = YES;
				CODE_SIGN_IDENTITY = "iPhone Developer";
				COPY_PHASE_STRIP = NO;
				DEBUG_INFORMATION_FORMAT = "dwarf-with-dsym";
				ENABLE_NS_ASSERTIONS = NO;
				ENABLE_STRICT_OBJC_MSGSEND = YES;
				GCC_C_LANGUAGE_STANDARD = gnu11;
				GCC_NO_COMMON_BLOCKS = YES;
				GCC_WARN_64_TO_32_BIT_CONVERSION = YES;
				GCC_WARN_ABOUT_RETURN_TYPE = YES_ERROR;
				GCC_WARN_UNDECLARED_SELECTOR = YES;
				GCC_WARN_UNINITIALIZED_AUTOS = YES_AGGRESSIVE;
				GCC_WARN_UNUSED_FUNCTION = YES;
				GCC_WARN_UNUSED_VARIABLE = YES;
				IPHONEOS_DEPLOYMENT_TARGET = 12.1;
				MTL_ENABLE_DEBUG_INFO = NO;
				MTL_FAST_MATH = YES;
				SDKROOT = iphoneos;
				SWIFT_COMPILATION_MODE = wholemodule;
				SWIFT_OPTIMIZATION_LEVEL = "-O";
				VALIDATE_PRODUCT = YES;
			};
			name = Release;
		};
		F9B88C9F222EB41800A69415 /* Debug */ = {
			isa = XCBuildConfiguration;
			baseConfigurationReference = 9FEE27F80E2D67EEBF78DBCB /* Pods-DouyuZB.debug.xcconfig */;
			buildSettings = {
				ASSETCATALOG_COMPILER_APPICON_NAME = AppIcon;
				ASSETCATALOG_COMPILER_LAUNCHIMAGE_NAME = "Brand Assets";
				CODE_SIGN_STYLE = Automatic;
				DEVELOPMENT_TEAM = 2YZC3B7MY7;
				INFOPLIST_FILE = DouyuZB/Info.plist;
				IPHONEOS_DEPLOYMENT_TARGET = 9.0;
				LD_RUNPATH_SEARCH_PATHS = (
					"$(inherited)",
					"@executable_path/Frameworks",
				);
				PRODUCT_BUNDLE_IDENTIFIER = swifelearn.DouyuZB;
				PRODUCT_NAME = "$(TARGET_NAME)";
				SWIFT_VERSION = 4.2;
				TARGETED_DEVICE_FAMILY = "1,2";
			};
			name = Debug;
		};
		F9B88CA0222EB41800A69415 /* Release */ = {
			isa = XCBuildConfiguration;
			baseConfigurationReference = 7851F2E66A8487284D23E5DD /* Pods-DouyuZB.release.xcconfig */;
			buildSettings = {
				ASSETCATALOG_COMPILER_APPICON_NAME = AppIcon;
				ASSETCATALOG_COMPILER_LAUNCHIMAGE_NAME = "Brand Assets";
				CODE_SIGN_STYLE = Automatic;
				DEVELOPMENT_TEAM = 2YZC3B7MY7;
				INFOPLIST_FILE = DouyuZB/Info.plist;
				IPHONEOS_DEPLOYMENT_TARGET = 9.0;
				LD_RUNPATH_SEARCH_PATHS = (
					"$(inherited)",
					"@executable_path/Frameworks",
				);
				PRODUCT_BUNDLE_IDENTIFIER = swifelearn.DouyuZB;
				PRODUCT_NAME = "$(TARGET_NAME)";
				SWIFT_VERSION = 4.2;
				TARGETED_DEVICE_FAMILY = "1,2";
			};
			name = Release;
		};
		F9B88CA2222EB41800A69415 /* Debug */ = {
			isa = XCBuildConfiguration;
			buildSettings = {
				ALWAYS_EMBED_SWIFT_STANDARD_LIBRARIES = YES;
				BUNDLE_LOADER = "$(TEST_HOST)";
				CODE_SIGN_STYLE = Automatic;
				INFOPLIST_FILE = DouyuZBTests/Info.plist;
				LD_RUNPATH_SEARCH_PATHS = (
					"$(inherited)",
					"@executable_path/Frameworks",
					"@loader_path/Frameworks",
				);
				PRODUCT_BUNDLE_IDENTIFIER = swifelearn.DouyuZBTests;
				PRODUCT_NAME = "$(TARGET_NAME)";
				SWIFT_VERSION = 4.2;
				TARGETED_DEVICE_FAMILY = "1,2";
				TEST_HOST = "$(BUILT_PRODUCTS_DIR)/DouyuZB.app/DouyuZB";
			};
			name = Debug;
		};
		F9B88CA3222EB41800A69415 /* Release */ = {
			isa = XCBuildConfiguration;
			buildSettings = {
				ALWAYS_EMBED_SWIFT_STANDARD_LIBRARIES = YES;
				BUNDLE_LOADER = "$(TEST_HOST)";
				CODE_SIGN_STYLE = Automatic;
				INFOPLIST_FILE = DouyuZBTests/Info.plist;
				LD_RUNPATH_SEARCH_PATHS = (
					"$(inherited)",
					"@executable_path/Frameworks",
					"@loader_path/Frameworks",
				);
				PRODUCT_BUNDLE_IDENTIFIER = swifelearn.DouyuZBTests;
				PRODUCT_NAME = "$(TARGET_NAME)";
				SWIFT_VERSION = 4.2;
				TARGETED_DEVICE_FAMILY = "1,2";
				TEST_HOST = "$(BUILT_PRODUCTS_DIR)/DouyuZB.app/DouyuZB";
			};
			name = Release;
		};
		F9B88CA5222EB41800A69415 /* Debug */ = {
			isa = XCBuildConfiguration;
			buildSettings = {
				ALWAYS_EMBED_SWIFT_STANDARD_LIBRARIES = YES;
				CODE_SIGN_STYLE = Automatic;
				INFOPLIST_FILE = DouyuZBUITests/Info.plist;
				LD_RUNPATH_SEARCH_PATHS = (
					"$(inherited)",
					"@executable_path/Frameworks",
					"@loader_path/Frameworks",
				);
				PRODUCT_BUNDLE_IDENTIFIER = swifelearn.DouyuZBUITests;
				PRODUCT_NAME = "$(TARGET_NAME)";
				SWIFT_VERSION = 4.2;
				TARGETED_DEVICE_FAMILY = "1,2";
				TEST_TARGET_NAME = DouyuZB;
			};
			name = Debug;
		};
		F9B88CA6222EB41800A69415 /* Release */ = {
			isa = XCBuildConfiguration;
			buildSettings = {
				ALWAYS_EMBED_SWIFT_STANDARD_LIBRARIES = YES;
				CODE_SIGN_STYLE = Automatic;
				INFOPLIST_FILE = DouyuZBUITests/Info.plist;
				LD_RUNPATH_SEARCH_PATHS = (
					"$(inherited)",
					"@executable_path/Frameworks",
					"@loader_path/Frameworks",
				);
				PRODUCT_BUNDLE_IDENTIFIER = swifelearn.DouyuZBUITests;
				PRODUCT_NAME = "$(TARGET_NAME)";
				SWIFT_VERSION = 4.2;
				TARGETED_DEVICE_FAMILY = "1,2";
				TEST_TARGET_NAME = DouyuZB;
			};
			name = Release;
		};
/* End XCBuildConfiguration section */

/* Begin XCConfigurationList section */
		F9B88C71222EB41600A69415 /* Build configuration list for PBXProject "DouyuZB" */ = {
			isa = XCConfigurationList;
			buildConfigurations = (
				F9B88C9C222EB41800A69415 /* Debug */,
				F9B88C9D222EB41800A69415 /* Release */,
			);
			defaultConfigurationIsVisible = 0;
			defaultConfigurationName = Release;
		};
		F9B88C9E222EB41800A69415 /* Build configuration list for PBXNativeTarget "DouyuZB" */ = {
			isa = XCConfigurationList;
			buildConfigurations = (
				F9B88C9F222EB41800A69415 /* Debug */,
				F9B88CA0222EB41800A69415 /* Release */,
			);
			defaultConfigurationIsVisible = 0;
			defaultConfigurationName = Release;
		};
		F9B88CA1222EB41800A69415 /* Build configuration list for PBXNativeTarget "DouyuZBTests" */ = {
			isa = XCConfigurationList;
			buildConfigurations = (
				F9B88CA2222EB41800A69415 /* Debug */,
				F9B88CA3222EB41800A69415 /* Release */,
			);
			defaultConfigurationIsVisible = 0;
			defaultConfigurationName = Release;
		};
		F9B88CA4222EB41800A69415 /* Build configuration list for PBXNativeTarget "DouyuZBUITests" */ = {
			isa = XCConfigurationList;
			buildConfigurations = (
				F9B88CA5222EB41800A69415 /* Debug */,
				F9B88CA6222EB41800A69415 /* Release */,
			);
			defaultConfigurationIsVisible = 0;
			defaultConfigurationName = Release;
		};
/* End XCConfigurationList section */
	};
	rootObject = F9B88C6E222EB41600A69415 /* Project object */;
}
